
Microsoft Visual Studio Solution File, Format Version 12.00
# Visual Studio Version 17
VisualStudioVersion = 17.12.35707.178 d17.12
MinimumVisualStudioVersion = 10.0.40219.1
Project("{FAE04EC0-301F-11D3-BF4B-00C04F79EFBC}") = "StepWise", "StepWise\StepWise.csproj", "{9A0266E4-5FD5-47E2-B75C-11EFFB01CB62}"
EndProject
Project("{FAE04EC0-301F-11D3-BF4B-00C04F79EFBC}") = "StepWise.Data", "StepWise.Data\StepWise.Data.csproj", "{F33D15CE-80F1-49DD-961E-A52A8F59122F}"
EndProject
Project("{FAE04EC0-301F-11D3-BF4B-00C04F79EFBC}") = "StepWise.Services", "StepWise.Services\StepWise.Services.csproj", "{3591AEC0-5EDD-431C-9F75-87A4A893139F}"
EndProject
Project("{FAE04EC0-301F-11D3-BF4B-00C04F79EFBC}") = "StepWise.Common", "StepWise.Common\StepWise.Common.csproj", "{9FF15AA0-AA23-4D45-92C3-83EA7B17A222}"
EndProject
Global
	GlobalSection(SolutionConfigurationPlatforms) = preSolution
		Debug|Any CPU = Debug|Any CPU
		Release|Any CPU = Release|Any CPU
	EndGlobalSection
	GlobalSection(ProjectConfigurationPlatforms) = postSolution
		{9A0266E4-5FD5-47E2-B75C-11EFFB01CB62}.Debug|Any CPU.ActiveCfg = Debug|Any CPU
		{9A0266E4-5FD5-47E2-B75C-11EFFB01CB62}.Debug|Any CPU.Build.0 = Debug|Any CPU
		{9A0266E4-5FD5-47E2-B75C-11EFFB01CB62}.Release|Any CPU.ActiveCfg = Release|Any CPU
		{9A0266E4-5FD5-47E2-B75C-11EFFB01CB62}.Release|Any CPU.Build.0 = Release|Any CPU
		{F33D15CE-80F1-49DD-961E-A52A8F59122F}.Debug|Any CPU.ActiveCfg = Debug|Any CPU
		{F33D15CE-80F1-49DD-961E-A52A8F59122F}.Debug|Any CPU.Build.0 = Debug|Any CPU
		{F33D15CE-80F1-49DD-961E-A52A8F59122F}.Release|Any CPU.ActiveCfg = Release|Any CPU
		{F33D15CE-80F1-49DD-961E-A52A8F59122F}.Release|Any CPU.Build.0 = Release|Any CPU
		{3591AEC0-5EDD-431C-9F75-87A4A893139F}.Debug|Any CPU.ActiveCfg = Debug|Any CPU
		{3591AEC0-5EDD-431C-9F75-87A4A893139F}.Debug|Any CPU.Build.0 = Debug|Any CPU
		{3591AEC0-5EDD-431C-9F75-87A4A893139F}.Release|Any CPU.ActiveCfg = Release|Any CPU
		{3591AEC0-5EDD-431C-9F75-87A4A893139F}.Release|Any CPU.Build.0 = Release|Any CPU
		{9FF15AA0-AA23-4D45-92C3-83EA7B17A222}.Debug|Any CPU.ActiveCfg = Debug|Any CPU
		{9FF15AA0-AA23-4D45-92C3-83EA7B17A222}.Debug|Any CPU.Build.0 = Debug|Any CPU
		{9FF15AA0-AA23-4D45-92C3-83EA7B17A222}.Release|Any CPU.ActiveCfg = Release|Any CPU
		{9FF15AA0-AA23-4D45-92C3-83EA7B17A222}.Release|Any CPU.Build.0 = Release|Any CPU
	EndGlobalSection
	GlobalSection(SolutionProperties) = preSolution
		HideSolutionNode = FALSE
	EndGlobalSection
EndGlobal
